
Microsoft Visual Studio Solution File, Format Version 12.00
# Visual Studio Version 17
VisualStudioVersion = 17.0.31903.59
MinimumVisualStudioVersion = 10.0.40219.1
Project("{9A19103F-16F7-4668-BE54-9A1E7A4F7556}") = "ClickBar", "ClickBar\ClickBar.csproj", "{3692A169-C834-424A-A8D7-DEF2A3DCAE1B}"
EndProject
Project("{9A19103F-16F7-4668-BE54-9A1E7A4F7556}") = "ClickBar_Mutex", "ClickBar_Mutex\ClickBar_Mutex.csproj", "{8CF4ED8B-0616-4F13-8275-B31595891BC7}"
EndProject
Project("{9A19103F-16F7-4668-BE54-9A1E7A4F7556}") = "ClickBar_Settings", "ClickBar_Settings\ClickBar_Settings.csproj", "{2D293963-7D20-404E-9275-139F5A194C5A}"
EndProject
Project("{9A19103F-16F7-4668-BE54-9A1E7A4F7556}") = "ClickBar_Common", "ClickBar_Common\ClickBar_Common.csproj", "{9829C080-5338-4A9F-A180-365FFB198912}"
EndProject
Project("{9A19103F-16F7-4668-BE54-9A1E7A4F7556}") = "ClickBar_API", "ClickBar_API\ClickBar_API.csproj", "{C06C0672-E459-4756-AAE9-5142A59FC23A}"
EndProject
Project("{9A19103F-16F7-4668-BE54-9A1E7A4F7556}") = "ClickBar_Database", "ClickBar_Database\ClickBar_Database.csproj", "{C1AC5DFF-D464-4E6F-9C0B-4D25291CDAA8}"
EndProject
Project("{9A19103F-16F7-4668-BE54-9A1E7A4F7556}") = "ClickBar_Logging", "ClickBar_Logging\ClickBar_Logging.csproj", "{9D03DF41-8D24-4D5E-8932-BAC6CE743D53}"
EndProject
Project("{9A19103F-16F7-4668-BE54-9A1E7A4F7556}") = "ClickBar_InputOutputExcelFiles", "ClickBar_InputOutputExcelFiles\ClickBar_InputOutputExcelFiles.csproj", "{D298F0B7-5CBC-40EB-B636-75430B7F142A}"
EndProject
Project("{54435603-DBB4-11D2-8724-00A0C9A8B90C}") = "Setup_Aska_x32", "Setup_Aska_x32\Setup_Aska_x32.vdproj", "{0569A43A-7886-4CFB-8FFB-EEF57859AA69}"
EndProject
Project("{9A19103F-16F7-4668-BE54-9A1E7A4F7556}") = "ClickBar_Printer", "ClickBar_Printer\ClickBar_Printer.csproj", "{DF179683-CB9A-4C61-B7EE-F5336B7FE105}"
EndProject
Project("{9A19103F-16F7-4668-BE54-9A1E7A4F7556}") = "ClickBar_Report", "ClickBar_Report\ClickBar_Report.csproj", "{FA210782-BECC-4CEA-8BFE-571F0D52A6E6}"
EndProject
Project("{54435603-DBB4-11D2-8724-00A0C9A8B90C}") = "Setup_C_x86", "Setup_C_x86\Setup_C_x86.vdproj", "{A4B7BEC6-B642-4987-93AB-CB87B19968F6}"
EndProject
Project("{FAE04EC0-301F-11D3-BF4B-00C04F79EFBC}") = "ClickBar_eFaktura", "ClickBar_eFaktura\ClickBar_eFaktura.csproj", "{E26BD782-CFCB-4C84-852D-5010A2B43270}"
EndProject
Project("{54435603-DBB4-11D2-8724-00A0C9A8B90C}") = "Setup_proba", "Setup_proba\Setup_proba.vdproj", "{BE68787C-84C4-40C0-9BD6-026425A8D384}"
EndProject
Project("{FAE04EC0-301F-11D3-BF4B-00C04F79EFBC}") = "ClickBar_Database_Drlja", "ClickBar_Database_Drlja\ClickBar_Database_Drlja.csproj", "{B67EA90D-B922-48D6-8B93-DF14B630BB46}"
EndProject
Project("{FAE04EC0-301F-11D3-BF4B-00C04F79EFBC}") = "ClickBar_Porudzbine.Server", "ClickBar_Porudzbine\ClickBar_Porudzbine.Server\ClickBar_Porudzbine.Server.csproj", "{377DC7FF-F025-4E96-B4D7-40CB572DAF2A}"
EndProject
Project("{54A90642-561A-4BB1-A94E-469ADEE60C69}") = "clickbar_porudzbine.client", "ClickBar_Porudzbine\clickbar_porudzbine.client\clickbar_porudzbine.client.esproj", "{41E45CDE-4601-43CC-8A5B-32A365482683}"
EndProject
Project("{FAE04EC0-301F-11D3-BF4B-00C04F79EFBC}") = "ClickBar_Process", "ClickBar_Process\ClickBar_Process.csproj", "{024908AF-17BB-42B5-AA9E-73CAEA16E5D2}"
EndProject
Project("{FAE04EC0-301F-11D3-BF4B-00C04F79EFBC}") = "ClickBar_DatabaseSQLManager", "ClickBar_DatabaseSQLManager\ClickBar_DatabaseSQLManager.csproj", "{A8D67B3E-8514-4677-9527-7FCAAFA4E54A}"
EndProject
Project("{54435603-DBB4-11D2-8724-00A0C9A8B90C}") = "Setup_64bit", "Setup_64bit\Setup_64bit.vdproj", "{240DF3AA-BF10-4D46-8B9E-4DDE6705F9B3}"
EndProject
Project("{FAE04EC0-301F-11D3-BF4B-00C04F79EFBC}") = "ClickBar_CustomActions", "ClickBar_CustomActions\ClickBar_CustomActions.csproj", "{7ED1E121-8F28-40D0-BBFD-E59965A3E5FA}"
EndProject
Global
	GlobalSection(SolutionConfigurationPlatforms) = preSolution
		Crno|Any CPU = Crno|Any CPU
		Crno|x64 = Crno|x64
		Crno|x86 = Crno|x86
		Debug|Any CPU = Debug|Any CPU
		Debug|x64 = Debug|x64
		Debug|x86 = Debug|x86
		Release|Any CPU = Release|Any CPU
		Release|x64 = Release|x64
		Release|x86 = Release|x86
	EndGlobalSection
	GlobalSection(ProjectConfigurationPlatforms) = postSolution
		{3692A169-C834-424A-A8D7-DEF2A3DCAE1B}.Crno|Any CPU.ActiveCfg = Crno|Any CPU
		{3692A169-C834-424A-A8D7-DEF2A3DCAE1B}.Crno|Any CPU.Build.0 = Crno|Any CPU
		{3692A169-C834-424A-A8D7-DEF2A3DCAE1B}.Crno|x64.ActiveCfg = Crno|x64
		{3692A169-C834-424A-A8D7-DEF2A3DCAE1B}.Crno|x86.ActiveCfg = Crno|x86
		{3692A169-C834-424A-A8D7-DEF2A3DCAE1B}.Crno|x86.Build.0 = Crno|x86
		{3692A169-C834-424A-A8D7-DEF2A3DCAE1B}.Debug|Any CPU.ActiveCfg = Debug|Any CPU
		{3692A169-C834-424A-A8D7-DEF2A3DCAE1B}.Debug|Any CPU.Build.0 = Debug|Any CPU
		{3692A169-C834-424A-A8D7-DEF2A3DCAE1B}.Debug|x64.ActiveCfg = Debug|x64
		{3692A169-C834-424A-A8D7-DEF2A3DCAE1B}.Debug|x64.Build.0 = Debug|x64
		{3692A169-C834-424A-A8D7-DEF2A3DCAE1B}.Debug|x86.ActiveCfg = Debug|x86
		{3692A169-C834-424A-A8D7-DEF2A3DCAE1B}.Debug|x86.Build.0 = Debug|x86
		{3692A169-C834-424A-A8D7-DEF2A3DCAE1B}.Release|Any CPU.ActiveCfg = Release|Any CPU
		{3692A169-C834-424A-A8D7-DEF2A3DCAE1B}.Release|Any CPU.Build.0 = Release|Any CPU
		{3692A169-C834-424A-A8D7-DEF2A3DCAE1B}.Release|x64.ActiveCfg = Release|x64
		{3692A169-C834-424A-A8D7-DEF2A3DCAE1B}.Release|x64.Build.0 = Release|x64
		{3692A169-C834-424A-A8D7-DEF2A3DCAE1B}.Release|x86.ActiveCfg = Release|x86
		{3692A169-C834-424A-A8D7-DEF2A3DCAE1B}.Release|x86.Build.0 = Release|x86
		{8CF4ED8B-0616-4F13-8275-B31595891BC7}.Crno|Any CPU.ActiveCfg = Crno|Any CPU
		{8CF4ED8B-0616-4F13-8275-B31595891BC7}.Crno|Any CPU.Build.0 = Crno|Any CPU
		{8CF4ED8B-0616-4F13-8275-B31595891BC7}.Crno|x64.ActiveCfg = Crno|x64
		{8CF4ED8B-0616-4F13-8275-B31595891BC7}.Crno|x86.ActiveCfg = Crno|x86
		{8CF4ED8B-0616-4F13-8275-B31595891BC7}.Crno|x86.Build.0 = Crno|x86
		{8CF4ED8B-0616-4F13-8275-B31595891BC7}.Debug|Any CPU.ActiveCfg = Debug|Any CPU
		{8CF4ED8B-0616-4F13-8275-B31595891BC7}.Debug|Any CPU.Build.0 = Debug|Any CPU
		{8CF4ED8B-0616-4F13-8275-B31595891BC7}.Debug|x64.ActiveCfg = Debug|x64
		{8CF4ED8B-0616-4F13-8275-B31595891BC7}.Debug|x64.Build.0 = Debug|x64
		{8CF4ED8B-0616-4F13-8275-B31595891BC7}.Debug|x86.ActiveCfg = Debug|x86
		{8CF4ED8B-0616-4F13-8275-B31595891BC7}.Debug|x86.Build.0 = Debug|x86
		{8CF4ED8B-0616-4F13-8275-B31595891BC7}.Release|Any CPU.ActiveCfg = Release|Any CPU
		{8CF4ED8B-0616-4F13-8275-B31595891BC7}.Release|Any CPU.Build.0 = Release|Any CPU
		{8CF4ED8B-0616-4F13-8275-B31595891BC7}.Release|x64.ActiveCfg = Release|x64
		{8CF4ED8B-0616-4F13-8275-B31595891BC7}.Release|x64.Build.0 = Release|x64
		{8CF4ED8B-0616-4F13-8275-B31595891BC7}.Release|x86.ActiveCfg = Release|x86
		{8CF4ED8B-0616-4F13-8275-B31595891BC7}.Release|x86.Build.0 = Release|x86
		{2D293963-7D20-404E-9275-139F5A194C5A}.Crno|Any CPU.ActiveCfg = Crno|Any CPU
		{2D293963-7D20-404E-9275-139F5A194C5A}.Crno|Any CPU.Build.0 = Crno|Any CPU
		{2D293963-7D20-404E-9275-139F5A194C5A}.Crno|x64.ActiveCfg = Crno|x64
		{2D293963-7D20-404E-9275-139F5A194C5A}.Crno|x86.ActiveCfg = Crno|x86
		{2D293963-7D20-404E-9275-139F5A194C5A}.Crno|x86.Build.0 = Crno|x86
		{2D293963-7D20-404E-9275-139F5A194C5A}.Debug|Any CPU.ActiveCfg = Debug|Any CPU
		{2D293963-7D20-404E-9275-139F5A194C5A}.Debug|Any CPU.Build.0 = Debug|Any CPU
		{2D293963-7D20-404E-9275-139F5A194C5A}.Debug|x64.ActiveCfg = Debug|x64
		{2D293963-7D20-404E-9275-139F5A194C5A}.Debug|x64.Build.0 = Debug|x64
		{2D293963-7D20-404E-9275-139F5A194C5A}.Debug|x86.ActiveCfg = Debug|x86
		{2D293963-7D20-404E-9275-139F5A194C5A}.Debug|x86.Build.0 = Debug|x86
		{2D293963-7D20-404E-9275-139F5A194C5A}.Release|Any CPU.ActiveCfg = Release|Any CPU
		{2D293963-7D20-404E-9275-139F5A194C5A}.Release|Any CPU.Build.0 = Release|Any CPU
		{2D293963-7D20-404E-9275-139F5A194C5A}.Release|x64.ActiveCfg = Release|x64
		{2D293963-7D20-404E-9275-139F5A194C5A}.Release|x64.Build.0 = Release|x64
		{2D293963-7D20-404E-9275-139F5A194C5A}.Release|x86.ActiveCfg = Release|x86
		{2D293963-7D20-404E-9275-139F5A194C5A}.Release|x86.Build.0 = Release|x86
		{9829C080-5338-4A9F-A180-365FFB198912}.Crno|Any CPU.ActiveCfg = Crno|Any CPU
		{9829C080-5338-4A9F-A180-365FFB198912}.Crno|Any CPU.Build.0 = Crno|Any CPU
		{9829C080-5338-4A9F-A180-365FFB198912}.Crno|x64.ActiveCfg = Crno|x64
		{9829C080-5338-4A9F-A180-365FFB198912}.Crno|x86.ActiveCfg = Crno|x86
		{9829C080-5338-4A9F-A180-365FFB198912}.Crno|x86.Build.0 = Crno|x86
		{9829C080-5338-4A9F-A180-365FFB198912}.Debug|Any CPU.ActiveCfg = Debug|Any CPU
		{9829C080-5338-4A9F-A180-365FFB198912}.Debug|Any CPU.Build.0 = Debug|Any CPU
		{9829C080-5338-4A9F-A180-365FFB198912}.Debug|x64.ActiveCfg = Debug|x64
		{9829C080-5338-4A9F-A180-365FFB198912}.Debug|x64.Build.0 = Debug|x64
		{9829C080-5338-4A9F-A180-365FFB198912}.Debug|x86.ActiveCfg = Debug|x86
		{9829C080-5338-4A9F-A180-365FFB198912}.Debug|x86.Build.0 = Debug|x86
		{9829C080-5338-4A9F-A180-365FFB198912}.Release|Any CPU.ActiveCfg = Release|Any CPU
		{9829C080-5338-4A9F-A180-365FFB198912}.Release|Any CPU.Build.0 = Release|Any CPU
		{9829C080-5338-4A9F-A180-365FFB198912}.Release|x64.ActiveCfg = Release|x64
		{9829C080-5338-4A9F-A180-365FFB198912}.Release|x64.Build.0 = Release|x64
		{9829C080-5338-4A9F-A180-365FFB198912}.Release|x86.ActiveCfg = Release|x86
		{9829C080-5338-4A9F-A180-365FFB198912}.Release|x86.Build.0 = Release|x86
		{C06C0672-E459-4756-AAE9-5142A59FC23A}.Crno|Any CPU.ActiveCfg = Crno|Any CPU
		{C06C0672-E459-4756-AAE9-5142A59FC23A}.Crno|Any CPU.Build.0 = Crno|Any CPU
		{C06C0672-E459-4756-AAE9-5142A59FC23A}.Crno|x64.ActiveCfg = Crno|x64
		{C06C0672-E459-4756-AAE9-5142A59FC23A}.Crno|x86.ActiveCfg = Crno|x86
		{C06C0672-E459-4756-AAE9-5142A59FC23A}.Crno|x86.Build.0 = Crno|x86
		{C06C0672-E459-4756-AAE9-5142A59FC23A}.Debug|Any CPU.ActiveCfg = Debug|Any CPU
		{C06C0672-E459-4756-AAE9-5142A59FC23A}.Debug|Any CPU.Build.0 = Debug|Any CPU
		{C06C0672-E459-4756-AAE9-5142A59FC23A}.Debug|x64.ActiveCfg = Debug|x64
		{C06C0672-E459-4756-AAE9-5142A59FC23A}.Debug|x64.Build.0 = Debug|x64
		{C06C0672-E459-4756-AAE9-5142A59FC23A}.Debug|x86.ActiveCfg = Debug|x86
		{C06C0672-E459-4756-AAE9-5142A59FC23A}.Debug|x86.Build.0 = Debug|x86
		{C06C0672-E459-4756-AAE9-5142A59FC23A}.Release|Any CPU.ActiveCfg = Release|Any CPU
		{C06C0672-E459-4756-AAE9-5142A59FC23A}.Release|Any CPU.Build.0 = Release|Any CPU
		{C06C0672-E459-4756-AAE9-5142A59FC23A}.Release|x64.ActiveCfg = Release|x64
		{C06C0672-E459-4756-AAE9-5142A59FC23A}.Release|x64.Build.0 = Release|x64
		{C06C0672-E459-4756-AAE9-5142A59FC23A}.Release|x86.ActiveCfg = Release|x86
		{C06C0672-E459-4756-AAE9-5142A59FC23A}.Release|x86.Build.0 = Release|x86
		{C1AC5DFF-D464-4E6F-9C0B-4D25291CDAA8}.Crno|Any CPU.ActiveCfg = Crno|Any CPU
		{C1AC5DFF-D464-4E6F-9C0B-4D25291CDAA8}.Crno|Any CPU.Build.0 = Crno|Any CPU
		{C1AC5DFF-D464-4E6F-9C0B-4D25291CDAA8}.Crno|x64.ActiveCfg = Crno|x64
		{C1AC5DFF-D464-4E6F-9C0B-4D25291CDAA8}.Crno|x86.ActiveCfg = Crno|x86
		{C1AC5DFF-D464-4E6F-9C0B-4D25291CDAA8}.Crno|x86.Build.0 = Crno|x86
		{C1AC5DFF-D464-4E6F-9C0B-4D25291CDAA8}.Debug|Any CPU.ActiveCfg = Debug|Any CPU
		{C1AC5DFF-D464-4E6F-9C0B-4D25291CDAA8}.Debug|Any CPU.Build.0 = Debug|Any CPU
		{C1AC5DFF-D464-4E6F-9C0B-4D25291CDAA8}.Debug|x64.ActiveCfg = Debug|x64
		{C1AC5DFF-D464-4E6F-9C0B-4D25291CDAA8}.Debug|x64.Build.0 = Debug|x64
		{C1AC5DFF-D464-4E6F-9C0B-4D25291CDAA8}.Debug|x86.ActiveCfg = Debug|x86
		{C1AC5DFF-D464-4E6F-9C0B-4D25291CDAA8}.Debug|x86.Build.0 = Debug|x86
		{C1AC5DFF-D464-4E6F-9C0B-4D25291CDAA8}.Release|Any CPU.ActiveCfg = Release|Any CPU
		{C1AC5DFF-D464-4E6F-9C0B-4D25291CDAA8}.Release|Any CPU.Build.0 = Release|Any CPU
		{C1AC5DFF-D464-4E6F-9C0B-4D25291CDAA8}.Release|x64.ActiveCfg = Release|x64
		{C1AC5DFF-D464-4E6F-9C0B-4D25291CDAA8}.Release|x64.Build.0 = Release|x64
		{C1AC5DFF-D464-4E6F-9C0B-4D25291CDAA8}.Release|x86.ActiveCfg = Release|x86
		{C1AC5DFF-D464-4E6F-9C0B-4D25291CDAA8}.Release|x86.Build.0 = Release|x86
		{9D03DF41-8D24-4D5E-8932-BAC6CE743D53}.Crno|Any CPU.ActiveCfg = Crno|Any CPU
		{9D03DF41-8D24-4D5E-8932-BAC6CE743D53}.Crno|Any CPU.Build.0 = Crno|Any CPU
		{9D03DF41-8D24-4D5E-8932-BAC6CE743D53}.Crno|x64.ActiveCfg = Crno|x64
		{9D03DF41-8D24-4D5E-8932-BAC6CE743D53}.Crno|x86.ActiveCfg = Crno|x86
		{9D03DF41-8D24-4D5E-8932-BAC6CE743D53}.Crno|x86.Build.0 = Crno|x86
		{9D03DF41-8D24-4D5E-8932-BAC6CE743D53}.Debug|Any CPU.ActiveCfg = Debug|Any CPU
		{9D03DF41-8D24-4D5E-8932-BAC6CE743D53}.Debug|Any CPU.Build.0 = Debug|Any CPU
		{9D03DF41-8D24-4D5E-8932-BAC6CE743D53}.Debug|x64.ActiveCfg = Debug|x64
		{9D03DF41-8D24-4D5E-8932-BAC6CE743D53}.Debug|x64.Build.0 = Debug|x64
		{9D03DF41-8D24-4D5E-8932-BAC6CE743D53}.Debug|x86.ActiveCfg = Debug|x86
		{9D03DF41-8D24-4D5E-8932-BAC6CE743D53}.Debug|x86.Build.0 = Debug|x86
		{9D03DF41-8D24-4D5E-8932-BAC6CE743D53}.Release|Any CPU.ActiveCfg = Release|Any CPU
		{9D03DF41-8D24-4D5E-8932-BAC6CE743D53}.Release|Any CPU.Build.0 = Release|Any CPU
		{9D03DF41-8D24-4D5E-8932-BAC6CE743D53}.Release|x64.ActiveCfg = Release|x64
		{9D03DF41-8D24-4D5E-8932-BAC6CE743D53}.Release|x64.Build.0 = Release|x64
		{9D03DF41-8D24-4D5E-8932-BAC6CE743D53}.Release|x86.ActiveCfg = Release|x86
		{9D03DF41-8D24-4D5E-8932-BAC6CE743D53}.Release|x86.Build.0 = Release|x86
		{D298F0B7-5CBC-40EB-B636-75430B7F142A}.Crno|Any CPU.ActiveCfg = Crno|Any CPU
		{D298F0B7-5CBC-40EB-B636-75430B7F142A}.Crno|Any CPU.Build.0 = Crno|Any CPU
		{D298F0B7-5CBC-40EB-B636-75430B7F142A}.Crno|x64.ActiveCfg = Crno|x64
		{D298F0B7-5CBC-40EB-B636-75430B7F142A}.Crno|x86.ActiveCfg = Crno|x86
		{D298F0B7-5CBC-40EB-B636-75430B7F142A}.Crno|x86.Build.0 = Crno|x86
		{D298F0B7-5CBC-40EB-B636-75430B7F142A}.Debug|Any CPU.ActiveCfg = Debug|Any CPU
		{D298F0B7-5CBC-40EB-B636-75430B7F142A}.Debug|Any CPU.Build.0 = Debug|Any CPU
		{D298F0B7-5CBC-40EB-B636-75430B7F142A}.Debug|x64.ActiveCfg = Debug|x64
		{D298F0B7-5CBC-40EB-B636-75430B7F142A}.Debug|x64.Build.0 = Debug|x64
		{D298F0B7-5CBC-40EB-B636-75430B7F142A}.Debug|x86.ActiveCfg = Debug|x86
		{D298F0B7-5CBC-40EB-B636-75430B7F142A}.Debug|x86.Build.0 = Debug|x86
		{D298F0B7-5CBC-40EB-B636-75430B7F142A}.Release|Any CPU.ActiveCfg = Release|Any CPU
		{D298F0B7-5CBC-40EB-B636-75430B7F142A}.Release|Any CPU.Build.0 = Release|Any CPU
		{D298F0B7-5CBC-40EB-B636-75430B7F142A}.Release|x64.ActiveCfg = Release|x64
		{D298F0B7-5CBC-40EB-B636-75430B7F142A}.Release|x64.Build.0 = Release|x64
		{D298F0B7-5CBC-40EB-B636-75430B7F142A}.Release|x86.ActiveCfg = Release|x86
		{D298F0B7-5CBC-40EB-B636-75430B7F142A}.Release|x86.Build.0 = Release|x86
		{0569A43A-7886-4CFB-8FFB-EEF57859AA69}.Crno|Any CPU.ActiveCfg = Crno
		{0569A43A-7886-4CFB-8FFB-EEF57859AA69}.Crno|Any CPU.Build.0 = Crno
		{0569A43A-7886-4CFB-8FFB-EEF57859AA69}.Crno|x64.ActiveCfg = Crno
		{0569A43A-7886-4CFB-8FFB-EEF57859AA69}.Crno|x86.ActiveCfg = Crno
		{0569A43A-7886-4CFB-8FFB-EEF57859AA69}.Crno|x86.Build.0 = Crno
		{0569A43A-7886-4CFB-8FFB-EEF57859AA69}.Debug|Any CPU.ActiveCfg = Debug
		{0569A43A-7886-4CFB-8FFB-EEF57859AA69}.Debug|x64.ActiveCfg = Debug
		{0569A43A-7886-4CFB-8FFB-EEF57859AA69}.Debug|x86.ActiveCfg = Debug
		{0569A43A-7886-4CFB-8FFB-EEF57859AA69}.Debug|x86.Build.0 = Debug
		{0569A43A-7886-4CFB-8FFB-EEF57859AA69}.Release|Any CPU.ActiveCfg = Release
		{0569A43A-7886-4CFB-8FFB-EEF57859AA69}.Release|x64.ActiveCfg = Release
		{0569A43A-7886-4CFB-8FFB-EEF57859AA69}.Release|x86.ActiveCfg = Release
		{0569A43A-7886-4CFB-8FFB-EEF57859AA69}.Release|x86.Build.0 = Release
		{DF179683-CB9A-4C61-B7EE-F5336B7FE105}.Crno|Any CPU.ActiveCfg = Crno|Any CPU
		{DF179683-CB9A-4C61-B7EE-F5336B7FE105}.Crno|Any CPU.Build.0 = Crno|Any CPU
		{DF179683-CB9A-4C61-B7EE-F5336B7FE105}.Crno|x64.ActiveCfg = Crno|Any CPU
		{DF179683-CB9A-4C61-B7EE-F5336B7FE105}.Crno|x86.ActiveCfg = Crno|Any CPU
		{DF179683-CB9A-4C61-B7EE-F5336B7FE105}.Crno|x86.Build.0 = Crno|Any CPU
		{DF179683-CB9A-4C61-B7EE-F5336B7FE105}.Debug|Any CPU.ActiveCfg = Debug|Any CPU
		{DF179683-CB9A-4C61-B7EE-F5336B7FE105}.Debug|Any CPU.Build.0 = Debug|Any CPU
		{DF179683-CB9A-4C61-B7EE-F5336B7FE105}.Debug|x64.ActiveCfg = Debug|Any CPU
		{DF179683-CB9A-4C61-B7EE-F5336B7FE105}.Debug|x64.Build.0 = Debug|Any CPU
		{DF179683-CB9A-4C61-B7EE-F5336B7FE105}.Debug|x86.ActiveCfg = Debug|Any CPU
		{DF179683-CB9A-4C61-B7EE-F5336B7FE105}.Debug|x86.Build.0 = Debug|Any CPU
		{DF179683-CB9A-4C61-B7EE-F5336B7FE105}.Release|Any CPU.ActiveCfg = Release|Any CPU
		{DF179683-CB9A-4C61-B7EE-F5336B7FE105}.Release|Any CPU.Build.0 = Release|Any CPU
		{DF179683-CB9A-4C61-B7EE-F5336B7FE105}.Release|x64.ActiveCfg = Release|Any CPU
		{DF179683-CB9A-4C61-B7EE-F5336B7FE105}.Release|x64.Build.0 = Release|Any CPU
		{DF179683-CB9A-4C61-B7EE-F5336B7FE105}.Release|x86.ActiveCfg = Release|Any CPU
		{DF179683-CB9A-4C61-B7EE-F5336B7FE105}.Release|x86.Build.0 = Release|Any CPU
		{FA210782-BECC-4CEA-8BFE-571F0D52A6E6}.Crno|Any CPU.ActiveCfg = Crno|Any CPU
		{FA210782-BECC-4CEA-8BFE-571F0D52A6E6}.Crno|Any CPU.Build.0 = Crno|Any CPU
		{FA210782-BECC-4CEA-8BFE-571F0D52A6E6}.Crno|x64.ActiveCfg = Crno|Any CPU
		{FA210782-BECC-4CEA-8BFE-571F0D52A6E6}.Crno|x86.ActiveCfg = Crno|Any CPU
		{FA210782-BECC-4CEA-8BFE-571F0D52A6E6}.Crno|x86.Build.0 = Crno|Any CPU
		{FA210782-BECC-4CEA-8BFE-571F0D52A6E6}.Debug|Any CPU.ActiveCfg = Debug|Any CPU
		{FA210782-BECC-4CEA-8BFE-571F0D52A6E6}.Debug|Any CPU.Build.0 = Debug|Any CPU
		{FA210782-BECC-4CEA-8BFE-571F0D52A6E6}.Debug|x64.ActiveCfg = Debug|Any CPU
		{FA210782-BECC-4CEA-8BFE-571F0D52A6E6}.Debug|x64.Build.0 = Debug|Any CPU
		{FA210782-BECC-4CEA-8BFE-571F0D52A6E6}.Debug|x86.ActiveCfg = Debug|Any CPU
		{FA210782-BECC-4CEA-8BFE-571F0D52A6E6}.Debug|x86.Build.0 = Debug|Any CPU
		{FA210782-BECC-4CEA-8BFE-571F0D52A6E6}.Release|Any CPU.ActiveCfg = Release|Any CPU
		{FA210782-BECC-4CEA-8BFE-571F0D52A6E6}.Release|Any CPU.Build.0 = Release|Any CPU
		{FA210782-BECC-4CEA-8BFE-571F0D52A6E6}.Release|x64.ActiveCfg = Release|Any CPU
		{FA210782-BECC-4CEA-8BFE-571F0D52A6E6}.Release|x64.Build.0 = Release|Any CPU
		{FA210782-BECC-4CEA-8BFE-571F0D52A6E6}.Release|x86.ActiveCfg = Release|Any CPU
		{FA210782-BECC-4CEA-8BFE-571F0D52A6E6}.Release|x86.Build.0 = Release|Any CPU
		{A4B7BEC6-B642-4987-93AB-CB87B19968F6}.Crno|Any CPU.ActiveCfg = Debug
		{A4B7BEC6-B642-4987-93AB-CB87B19968F6}.Crno|x64.ActiveCfg = Debug
		{A4B7BEC6-B642-4987-93AB-CB87B19968F6}.Crno|x86.ActiveCfg = Debug
		{A4B7BEC6-B642-4987-93AB-CB87B19968F6}.Debug|Any CPU.ActiveCfg = Debug
		{A4B7BEC6-B642-4987-93AB-CB87B19968F6}.Debug|x64.ActiveCfg = Debug
		{A4B7BEC6-B642-4987-93AB-CB87B19968F6}.Debug|x86.ActiveCfg = Debug
		{A4B7BEC6-B642-4987-93AB-CB87B19968F6}.Release|Any CPU.ActiveCfg = Release
		{A4B7BEC6-B642-4987-93AB-CB87B19968F6}.Release|x64.ActiveCfg = Release
		{A4B7BEC6-B642-4987-93AB-CB87B19968F6}.Release|x86.ActiveCfg = Release
		{E26BD782-CFCB-4C84-852D-5010A2B43270}.Crno|Any CPU.ActiveCfg = Debug|Any CPU
		{E26BD782-CFCB-4C84-852D-5010A2B43270}.Crno|Any CPU.Build.0 = Debug|Any CPU
		{E26BD782-CFCB-4C84-852D-5010A2B43270}.Crno|x64.ActiveCfg = Debug|Any CPU
		{E26BD782-CFCB-4C84-852D-5010A2B43270}.Crno|x64.Build.0 = Debug|Any CPU
		{E26BD782-CFCB-4C84-852D-5010A2B43270}.Crno|x86.ActiveCfg = Debug|Any CPU
		{E26BD782-CFCB-4C84-852D-5010A2B43270}.Crno|x86.Build.0 = Debug|Any CPU
		{E26BD782-CFCB-4C84-852D-5010A2B43270}.Debug|Any CPU.ActiveCfg = Debug|Any CPU
		{E26BD782-CFCB-4C84-852D-5010A2B43270}.Debug|Any CPU.Build.0 = Debug|Any CPU
		{E26BD782-CFCB-4C84-852D-5010A2B43270}.Debug|x64.ActiveCfg = Debug|Any CPU
		{E26BD782-CFCB-4C84-852D-5010A2B43270}.Debug|x64.Build.0 = Debug|Any CPU
		{E26BD782-CFCB-4C84-852D-5010A2B43270}.Debug|x86.ActiveCfg = Debug|Any CPU
		{E26BD782-CFCB-4C84-852D-5010A2B43270}.Debug|x86.Build.0 = Debug|Any CPU
		{E26BD782-CFCB-4C84-852D-5010A2B43270}.Release|Any CPU.ActiveCfg = Release|Any CPU
		{E26BD782-CFCB-4C84-852D-5010A2B43270}.Release|Any CPU.Build.0 = Release|Any CPU
		{E26BD782-CFCB-4C84-852D-5010A2B43270}.Release|x64.ActiveCfg = Release|Any CPU
		{E26BD782-CFCB-4C84-852D-5010A2B43270}.Release|x64.Build.0 = Release|Any CPU
		{E26BD782-CFCB-4C84-852D-5010A2B43270}.Release|x86.ActiveCfg = Release|Any CPU
		{E26BD782-CFCB-4C84-852D-5010A2B43270}.Release|x86.Build.0 = Release|Any CPU
		{BE68787C-84C4-40C0-9BD6-026425A8D384}.Crno|Any CPU.ActiveCfg = Debug
		{BE68787C-84C4-40C0-9BD6-026425A8D384}.Crno|x64.ActiveCfg = Debug
		{BE68787C-84C4-40C0-9BD6-026425A8D384}.Crno|x86.ActiveCfg = Debug
		{BE68787C-84C4-40C0-9BD6-026425A8D384}.Debug|Any CPU.ActiveCfg = Debug
		{BE68787C-84C4-40C0-9BD6-026425A8D384}.Debug|x64.ActiveCfg = Debug
		{BE68787C-84C4-40C0-9BD6-026425A8D384}.Debug|x86.ActiveCfg = Debug
		{BE68787C-84C4-40C0-9BD6-026425A8D384}.Release|Any CPU.ActiveCfg = Release
		{BE68787C-84C4-40C0-9BD6-026425A8D384}.Release|x64.ActiveCfg = Release
		{BE68787C-84C4-40C0-9BD6-026425A8D384}.Release|x86.ActiveCfg = Release
		{B67EA90D-B922-48D6-8B93-DF14B630BB46}.Crno|Any CPU.ActiveCfg = Debug|Any CPU
		{B67EA90D-B922-48D6-8B93-DF14B630BB46}.Crno|Any CPU.Build.0 = Debug|Any CPU
		{B67EA90D-B922-48D6-8B93-DF14B630BB46}.Crno|x64.ActiveCfg = Debug|Any CPU
		{B67EA90D-B922-48D6-8B93-DF14B630BB46}.Crno|x64.Build.0 = Debug|Any CPU
		{B67EA90D-B922-48D6-8B93-DF14B630BB46}.Crno|x86.ActiveCfg = Debug|Any CPU
		{B67EA90D-B922-48D6-8B93-DF14B630BB46}.Crno|x86.Build.0 = Debug|Any CPU
		{B67EA90D-B922-48D6-8B93-DF14B630BB46}.Debug|Any CPU.ActiveCfg = Debug|Any CPU
		{B67EA90D-B922-48D6-8B93-DF14B630BB46}.Debug|Any CPU.Build.0 = Debug|Any CPU
		{B67EA90D-B922-48D6-8B93-DF14B630BB46}.Debug|x64.ActiveCfg = Debug|Any CPU
		{B67EA90D-B922-48D6-8B93-DF14B630BB46}.Debug|x64.Build.0 = Debug|Any CPU
		{B67EA90D-B922-48D6-8B93-DF14B630BB46}.Debug|x86.ActiveCfg = Debug|Any CPU
		{B67EA90D-B922-48D6-8B93-DF14B630BB46}.Debug|x86.Build.0 = Debug|Any CPU
		{B67EA90D-B922-48D6-8B93-DF14B630BB46}.Release|Any CPU.ActiveCfg = Release|Any CPU
		{B67EA90D-B922-48D6-8B93-DF14B630BB46}.Release|Any CPU.Build.0 = Release|Any CPU
		{B67EA90D-B922-48D6-8B93-DF14B630BB46}.Release|x64.ActiveCfg = Release|Any CPU
		{B67EA90D-B922-48D6-8B93-DF14B630BB46}.Release|x64.Build.0 = Release|Any CPU
		{B67EA90D-B922-48D6-8B93-DF14B630BB46}.Release|x86.ActiveCfg = Release|Any CPU
		{B67EA90D-B922-48D6-8B93-DF14B630BB46}.Release|x86.Build.0 = Release|Any CPU
		{377DC7FF-F025-4E96-B4D7-40CB572DAF2A}.Crno|Any CPU.ActiveCfg = Debug|Any CPU
		{377DC7FF-F025-4E96-B4D7-40CB572DAF2A}.Crno|Any CPU.Build.0 = Debug|Any CPU
		{377DC7FF-F025-4E96-B4D7-40CB572DAF2A}.Crno|x64.ActiveCfg = Debug|Any CPU
		{377DC7FF-F025-4E96-B4D7-40CB572DAF2A}.Crno|x64.Build.0 = Debug|Any CPU
		{377DC7FF-F025-4E96-B4D7-40CB572DAF2A}.Crno|x86.ActiveCfg = Debug|Any CPU
		{377DC7FF-F025-4E96-B4D7-40CB572DAF2A}.Crno|x86.Build.0 = Debug|Any CPU
		{377DC7FF-F025-4E96-B4D7-40CB572DAF2A}.Debug|Any CPU.ActiveCfg = Debug|Any CPU
		{377DC7FF-F025-4E96-B4D7-40CB572DAF2A}.Debug|Any CPU.Build.0 = Debug|Any CPU
		{377DC7FF-F025-4E96-B4D7-40CB572DAF2A}.Debug|x64.ActiveCfg = Debug|Any CPU
		{377DC7FF-F025-4E96-B4D7-40CB572DAF2A}.Debug|x64.Build.0 = Debug|Any CPU
		{377DC7FF-F025-4E96-B4D7-40CB572DAF2A}.Debug|x86.ActiveCfg = Debug|Any CPU
		{377DC7FF-F025-4E96-B4D7-40CB572DAF2A}.Debug|x86.Build.0 = Debug|Any CPU
		{377DC7FF-F025-4E96-B4D7-40CB572DAF2A}.Release|Any CPU.ActiveCfg = Release|Any CPU
		{377DC7FF-F025-4E96-B4D7-40CB572DAF2A}.Release|Any CPU.Build.0 = Release|Any CPU
		{377DC7FF-F025-4E96-B4D7-40CB572DAF2A}.Release|x64.ActiveCfg = Release|Any CPU
		{377DC7FF-F025-4E96-B4D7-40CB572DAF2A}.Release|x64.Build.0 = Release|Any CPU
		{377DC7FF-F025-4E96-B4D7-40CB572DAF2A}.Release|x86.ActiveCfg = Release|Any CPU
		{377DC7FF-F025-4E96-B4D7-40CB572DAF2A}.Release|x86.Build.0 = Release|Any CPU
		{41E45CDE-4601-43CC-8A5B-32A365482683}.Crno|Any CPU.ActiveCfg = Release|Any CPU
		{41E45CDE-4601-43CC-8A5B-32A365482683}.Crno|Any CPU.Build.0 = Release|Any CPU
		{41E45CDE-4601-43CC-8A5B-32A365482683}.Crno|Any CPU.Deploy.0 = Release|Any CPU
		{41E45CDE-4601-43CC-8A5B-32A365482683}.Crno|x64.ActiveCfg = Release|Any CPU
		{41E45CDE-4601-43CC-8A5B-32A365482683}.Crno|x64.Build.0 = Release|Any CPU
		{41E45CDE-4601-43CC-8A5B-32A365482683}.Crno|x64.Deploy.0 = Release|Any CPU
		{41E45CDE-4601-43CC-8A5B-32A365482683}.Crno|x86.ActiveCfg = Release|Any CPU
		{41E45CDE-4601-43CC-8A5B-32A365482683}.Crno|x86.Build.0 = Release|Any CPU
		{41E45CDE-4601-43CC-8A5B-32A365482683}.Crno|x86.Deploy.0 = Release|Any CPU
		{41E45CDE-4601-43CC-8A5B-32A365482683}.Debug|Any CPU.ActiveCfg = Debug|Any CPU
		{41E45CDE-4601-43CC-8A5B-32A365482683}.Debug|Any CPU.Build.0 = Debug|Any CPU
		{41E45CDE-4601-43CC-8A5B-32A365482683}.Debug|Any CPU.Deploy.0 = Debug|Any CPU
		{41E45CDE-4601-43CC-8A5B-32A365482683}.Debug|x64.ActiveCfg = Debug|Any CPU
		{41E45CDE-4601-43CC-8A5B-32A365482683}.Debug|x64.Build.0 = Debug|Any CPU
		{41E45CDE-4601-43CC-8A5B-32A365482683}.Debug|x64.Deploy.0 = Debug|Any CPU
		{41E45CDE-4601-43CC-8A5B-32A365482683}.Debug|x86.ActiveCfg = Debug|Any CPU
		{41E45CDE-4601-43CC-8A5B-32A365482683}.Debug|x86.Build.0 = Debug|Any CPU
		{41E45CDE-4601-43CC-8A5B-32A365482683}.Debug|x86.Deploy.0 = Debug|Any CPU
		{41E45CDE-4601-43CC-8A5B-32A365482683}.Release|Any CPU.ActiveCfg = Release|Any CPU
		{41E45CDE-4601-43CC-8A5B-32A365482683}.Release|Any CPU.Build.0 = Release|Any CPU
		{41E45CDE-4601-43CC-8A5B-32A365482683}.Release|Any CPU.Deploy.0 = Release|Any CPU
		{41E45CDE-4601-43CC-8A5B-32A365482683}.Release|x64.ActiveCfg = Release|Any CPU
		{41E45CDE-4601-43CC-8A5B-32A365482683}.Release|x64.Build.0 = Release|Any CPU
		{41E45CDE-4601-43CC-8A5B-32A365482683}.Release|x64.Deploy.0 = Release|Any CPU
		{41E45CDE-4601-43CC-8A5B-32A365482683}.Release|x86.ActiveCfg = Release|Any CPU
		{41E45CDE-4601-43CC-8A5B-32A365482683}.Release|x86.Build.0 = Release|Any CPU
		{41E45CDE-4601-43CC-8A5B-32A365482683}.Release|x86.Deploy.0 = Release|Any CPU
		{024908AF-17BB-42B5-AA9E-73CAEA16E5D2}.Crno|Any CPU.ActiveCfg = Debug|Any CPU
		{024908AF-17BB-42B5-AA9E-73CAEA16E5D2}.Crno|Any CPU.Build.0 = Debug|Any CPU
		{024908AF-17BB-42B5-AA9E-73CAEA16E5D2}.Crno|x64.ActiveCfg = Debug|Any CPU
		{024908AF-17BB-42B5-AA9E-73CAEA16E5D2}.Crno|x64.Build.0 = Debug|Any CPU
		{024908AF-17BB-42B5-AA9E-73CAEA16E5D2}.Crno|x86.ActiveCfg = Debug|Any CPU
		{024908AF-17BB-42B5-AA9E-73CAEA16E5D2}.Crno|x86.Build.0 = Debug|Any CPU
		{024908AF-17BB-42B5-AA9E-73CAEA16E5D2}.Debug|Any CPU.ActiveCfg = Debug|Any CPU
		{024908AF-17BB-42B5-AA9E-73CAEA16E5D2}.Debug|Any CPU.Build.0 = Debug|Any CPU
		{024908AF-17BB-42B5-AA9E-73CAEA16E5D2}.Debug|x64.ActiveCfg = Debug|Any CPU
		{024908AF-17BB-42B5-AA9E-73CAEA16E5D2}.Debug|x64.Build.0 = Debug|Any CPU
		{024908AF-17BB-42B5-AA9E-73CAEA16E5D2}.Debug|x86.ActiveCfg = Debug|Any CPU
		{024908AF-17BB-42B5-AA9E-73CAEA16E5D2}.Debug|x86.Build.0 = Debug|Any CPU
		{024908AF-17BB-42B5-AA9E-73CAEA16E5D2}.Release|Any CPU.ActiveCfg = Release|Any CPU
		{024908AF-17BB-42B5-AA9E-73CAEA16E5D2}.Release|Any CPU.Build.0 = Release|Any CPU
		{024908AF-17BB-42B5-AA9E-73CAEA16E5D2}.Release|x64.ActiveCfg = Release|Any CPU
		{024908AF-17BB-42B5-AA9E-73CAEA16E5D2}.Release|x64.Build.0 = Release|Any CPU
		{024908AF-17BB-42B5-AA9E-73CAEA16E5D2}.Release|x86.ActiveCfg = Release|Any CPU
		{024908AF-17BB-42B5-AA9E-73CAEA16E5D2}.Release|x86.Build.0 = Release|Any CPU
		{A8D67B3E-8514-4677-9527-7FCAAFA4E54A}.Crno|Any CPU.ActiveCfg = Debug|Any CPU
		{A8D67B3E-8514-4677-9527-7FCAAFA4E54A}.Crno|Any CPU.Build.0 = Debug|Any CPU
		{A8D67B3E-8514-4677-9527-7FCAAFA4E54A}.Crno|x64.ActiveCfg = Debug|Any CPU
		{A8D67B3E-8514-4677-9527-7FCAAFA4E54A}.Crno|x64.Build.0 = Debug|Any CPU
		{A8D67B3E-8514-4677-9527-7FCAAFA4E54A}.Crno|x86.ActiveCfg = Debug|Any CPU
		{A8D67B3E-8514-4677-9527-7FCAAFA4E54A}.Crno|x86.Build.0 = Debug|Any CPU
		{A8D67B3E-8514-4677-9527-7FCAAFA4E54A}.Debug|Any CPU.ActiveCfg = Debug|Any CPU
		{A8D67B3E-8514-4677-9527-7FCAAFA4E54A}.Debug|Any CPU.Build.0 = Debug|Any CPU
		{A8D67B3E-8514-4677-9527-7FCAAFA4E54A}.Debug|x64.ActiveCfg = Debug|Any CPU
		{A8D67B3E-8514-4677-9527-7FCAAFA4E54A}.Debug|x64.Build.0 = Debug|Any CPU
		{A8D67B3E-8514-4677-9527-7FCAAFA4E54A}.Debug|x86.ActiveCfg = Debug|Any CPU
		{A8D67B3E-8514-4677-9527-7FCAAFA4E54A}.Debug|x86.Build.0 = Debug|Any CPU
		{A8D67B3E-8514-4677-9527-7FCAAFA4E54A}.Release|Any CPU.ActiveCfg = Release|Any CPU
		{A8D67B3E-8514-4677-9527-7FCAAFA4E54A}.Release|Any CPU.Build.0 = Release|Any CPU
		{A8D67B3E-8514-4677-9527-7FCAAFA4E54A}.Release|x64.ActiveCfg = Release|Any CPU
		{A8D67B3E-8514-4677-9527-7FCAAFA4E54A}.Release|x64.Build.0 = Release|Any CPU
		{A8D67B3E-8514-4677-9527-7FCAAFA4E54A}.Release|x86.ActiveCfg = Release|Any CPU
		{A8D67B3E-8514-4677-9527-7FCAAFA4E54A}.Release|x86.Build.0 = Release|Any CPU
		{240DF3AA-BF10-4D46-8B9E-4DDE6705F9B3}.Crno|Any CPU.ActiveCfg = Debug
		{240DF3AA-BF10-4D46-8B9E-4DDE6705F9B3}.Crno|x64.ActiveCfg = Debug
		{240DF3AA-BF10-4D46-8B9E-4DDE6705F9B3}.Crno|x86.ActiveCfg = Debug
		{240DF3AA-BF10-4D46-8B9E-4DDE6705F9B3}.Debug|Any CPU.ActiveCfg = Debug
		{240DF3AA-BF10-4D46-8B9E-4DDE6705F9B3}.Debug|x64.ActiveCfg = Debug
		{240DF3AA-BF10-4D46-8B9E-4DDE6705F9B3}.Debug|x86.ActiveCfg = Debug
		{240DF3AA-BF10-4D46-8B9E-4DDE6705F9B3}.Release|Any CPU.ActiveCfg = Release
		{240DF3AA-BF10-4D46-8B9E-4DDE6705F9B3}.Release|x64.ActiveCfg = Release
		{240DF3AA-BF10-4D46-8B9E-4DDE6705F9B3}.Release|x86.ActiveCfg = Release
		{7ED1E121-8F28-40D0-BBFD-E59965A3E5FA}.Crno|Any CPU.ActiveCfg = Debug|Any CPU
		{7ED1E121-8F28-40D0-BBFD-E59965A3E5FA}.Crno|Any CPU.Build.0 = Debug|Any CPU
		{7ED1E121-8F28-40D0-BBFD-E59965A3E5FA}.Crno|x64.ActiveCfg = Debug|Any CPU
		{7ED1E121-8F28-40D0-BBFD-E59965A3E5FA}.Crno|x64.Build.0 = Debug|Any CPU
		{7ED1E121-8F28-40D0-BBFD-E59965A3E5FA}.Crno|x86.ActiveCfg = Debug|Any CPU
		{7ED1E121-8F28-40D0-BBFD-E59965A3E5FA}.Crno|x86.Build.0 = Debug|Any CPU
		{7ED1E121-8F28-40D0-BBFD-E59965A3E5FA}.Debug|Any CPU.ActiveCfg = Debug|Any CPU
		{7ED1E121-8F28-40D0-BBFD-E59965A3E5FA}.Debug|Any CPU.Build.0 = Debug|Any CPU
		{7ED1E121-8F28-40D0-BBFD-E59965A3E5FA}.Debug|x64.ActiveCfg = Debug|Any CPU
		{7ED1E121-8F28-40D0-BBFD-E59965A3E5FA}.Debug|x64.Build.0 = Debug|Any CPU
		{7ED1E121-8F28-40D0-BBFD-E59965A3E5FA}.Debug|x86.ActiveCfg = Debug|Any CPU
		{7ED1E121-8F28-40D0-BBFD-E59965A3E5FA}.Debug|x86.Build.0 = Debug|Any CPU
		{7ED1E121-8F28-40D0-BBFD-E59965A3E5FA}.Release|Any CPU.ActiveCfg = Release|Any CPU
		{7ED1E121-8F28-40D0-BBFD-E59965A3E5FA}.Release|Any CPU.Build.0 = Release|Any CPU
		{7ED1E121-8F28-40D0-BBFD-E59965A3E5FA}.Release|x64.ActiveCfg = Release|Any CPU
		{7ED1E121-8F28-40D0-BBFD-E59965A3E5FA}.Release|x64.Build.0 = Release|Any CPU
		{7ED1E121-8F28-40D0-BBFD-E59965A3E5FA}.Release|x86.ActiveCfg = Release|Any CPU
		{7ED1E121-8F28-40D0-BBFD-E59965A3E5FA}.Release|x86.Build.0 = Release|Any CPU
	EndGlobalSection
	GlobalSection(SolutionProperties) = preSolution
		HideSolutionNode = FALSE
	EndGlobalSection
	GlobalSection(ExtensibilityGlobals) = postSolution
		SolutionGuid = {7B8B913A-C684-4B48-B609-CB05B683420E}
	EndGlobalSection
EndGlobal
